// !$*UTF8*$!
{
	archiveVersion = 1;
	classes = {
	};
	objectVersion = 50;
	objects = {

/* Begin PBXBuildFile section */
		742E20CE20BAF1030027115F /* SwitcherSimulator.swift in Sources */ = {isa = PBXBuildFile; fileRef = 742E20CD20BAF1020027115F /* SwitcherSimulator.swift */; };
		74CCEB1E20B441AE007ACFF8 /* AppDelegate.swift in Sources */ = {isa = PBXBuildFile; fileRef = 74CCEB1D20B441AE007ACFF8 /* AppDelegate.swift */; };
		74CCEB2020B441AE007ACFF8 /* ViewController.swift in Sources */ = {isa = PBXBuildFile; fileRef = 74CCEB1F20B441AE007ACFF8 /* ViewController.swift */; };
		74CCEB2220B441AF007ACFF8 /* Assets.xcassets in Resources */ = {isa = PBXBuildFile; fileRef = 74CCEB2120B441AF007ACFF8 /* Assets.xcassets */; };
		74CCEB2520B441AF007ACFF8 /* Main.storyboard in Resources */ = {isa = PBXBuildFile; fileRef = 74CCEB2320B441AF007ACFF8 /* Main.storyboard */; };
		74D8D2D120B451A5006EA471 /* CNIOSHA1.framework in Frameworks */ = {isa = PBXBuildFile; fileRef = 74D8D2AD20B44D77006EA471 /* CNIOSHA1.framework */; };
		74D8D2D220B451A5006EA471 /* CNIOSHA1.framework in Embed Frameworks */ = {isa = PBXBuildFile; fileRef = 74D8D2AD20B44D77006EA471 /* CNIOSHA1.framework */; settings = {ATTRIBUTES = (CodeSignOnCopy, RemoveHeadersOnCopy, ); }; };
		74D8D2D520B451A5006EA471 /* NIOConcurrencyHelpers.framework in Frameworks */ = {isa = PBXBuildFile; fileRef = 74D8D2B120B44D77006EA471 /* NIOConcurrencyHelpers.framework */; };
		74D8D2D620B451A5006EA471 /* NIOConcurrencyHelpers.framework in Embed Frameworks */ = {isa = PBXBuildFile; fileRef = 74D8D2B120B44D77006EA471 /* NIOConcurrencyHelpers.framework */; settings = {ATTRIBUTES = (CodeSignOnCopy, RemoveHeadersOnCopy, ); }; };
		74D8D2D920B451A5006EA471 /* NIOPriorityQueue.framework in Frameworks */ = {isa = PBXBuildFile; fileRef = 74D8D2B320B44D77006EA471 /* NIOPriorityQueue.framework */; };
		74D8D2DA20B451A5006EA471 /* NIOPriorityQueue.framework in Embed Frameworks */ = {isa = PBXBuildFile; fileRef = 74D8D2B320B44D77006EA471 /* NIOPriorityQueue.framework */; settings = {ATTRIBUTES = (CodeSignOnCopy, RemoveHeadersOnCopy, ); }; };
		74D8D2DD20B451A5006EA471 /* CNIODarwin.framework in Frameworks */ = {isa = PBXBuildFile; fileRef = 74D8D2A920B44D77006EA471 /* CNIODarwin.framework */; };
		74D8D2DE20B451A5006EA471 /* CNIODarwin.framework in Embed Frameworks */ = {isa = PBXBuildFile; fileRef = 74D8D2A920B44D77006EA471 /* CNIODarwin.framework */; settings = {ATTRIBUTES = (CodeSignOnCopy, RemoveHeadersOnCopy, ); }; };
		74D8D2E120B451A5006EA471 /* CNIOAtomics.framework in Frameworks */ = {isa = PBXBuildFile; fileRef = 74D8D2A720B44D77006EA471 /* CNIOAtomics.framework */; };
		74D8D2E220B451A5006EA471 /* CNIOAtomics.framework in Embed Frameworks */ = {isa = PBXBuildFile; fileRef = 74D8D2A720B44D77006EA471 /* CNIOAtomics.framework */; settings = {ATTRIBUTES = (CodeSignOnCopy, RemoveHeadersOnCopy, ); }; };
		74D8D2E520B451A5006EA471 /* NIO.framework in Frameworks */ = {isa = PBXBuildFile; fileRef = 74D8D2AF20B44D77006EA471 /* NIO.framework */; };
		74D8D2E620B451A5006EA471 /* NIO.framework in Embed Frameworks */ = {isa = PBXBuildFile; fileRef = 74D8D2AF20B44D77006EA471 /* NIO.framework */; settings = {ATTRIBUTES = (CodeSignOnCopy, RemoveHeadersOnCopy, ); }; };
		74D8D2E920B451A5006EA471 /* Atem.framework in Frameworks */ = {isa = PBXBuildFile; fileRef = 74D8D2A320B44D77006EA471 /* Atem.framework */; };
		74D8D2EA20B451A5006EA471 /* Atem.framework in Embed Frameworks */ = {isa = PBXBuildFile; fileRef = 74D8D2A320B44D77006EA471 /* Atem.framework */; settings = {ATTRIBUTES = (CodeSignOnCopy, RemoveHeadersOnCopy, ); }; };
		74D8D2ED20B451A5006EA471 /* CNIOLinux.framework in Frameworks */ = {isa = PBXBuildFile; fileRef = 74D8D2AB20B44D77006EA471 /* CNIOLinux.framework */; };
		74D8D2EE20B451A5006EA471 /* CNIOLinux.framework in Embed Frameworks */ = {isa = PBXBuildFile; fileRef = 74D8D2AB20B44D77006EA471 /* CNIOLinux.framework */; settings = {ATTRIBUTES = (CodeSignOnCopy, RemoveHeadersOnCopy, ); }; };
/* End PBXBuildFile section */

/* Begin PBXContainerItemProxy section */
		7435272121CA872C006E8FC6 /* PBXContainerItemProxy */ = {
			isa = PBXContainerItemProxy;
			containerPortal = 74CCEB2D20B441C3007ACFF8 /* Atem.xcodeproj */;
			proxyType = 2;
			remoteGlobalIDString = "Atem::Atem Tests::Product";
			remoteInfo = "Atem Tests";
		};
		74D8D2A220B44D77006EA471 /* PBXContainerItemProxy */ = {
			isa = PBXContainerItemProxy;
			containerPortal = 74CCEB2D20B441C3007ACFF8 /* Atem.xcodeproj */;
			proxyType = 2;
			remoteGlobalIDString = "Atem::Atem::Product";
			remoteInfo = Atem;
		};
		74D8D2A620B44D77006EA471 /* PBXContainerItemProxy */ = {
			isa = PBXContainerItemProxy;
			containerPortal = 74CCEB2D20B441C3007ACFF8 /* Atem.xcodeproj */;
			proxyType = 2;
			remoteGlobalIDString = "swift-nio::CNIOAtomics::Product";
			remoteInfo = CNIOAtomics;
		};
		74D8D2A820B44D77006EA471 /* PBXContainerItemProxy */ = {
			isa = PBXContainerItemProxy;
			containerPortal = 74CCEB2D20B441C3007ACFF8 /* Atem.xcodeproj */;
			proxyType = 2;
			remoteGlobalIDString = "swift-nio::CNIODarwin::Product";
			remoteInfo = CNIODarwin;
		};
		74D8D2AA20B44D77006EA471 /* PBXContainerItemProxy */ = {
			isa = PBXContainerItemProxy;
			containerPortal = 74CCEB2D20B441C3007ACFF8 /* Atem.xcodeproj */;
			proxyType = 2;
			remoteGlobalIDString = "swift-nio::CNIOLinux::Product";
			remoteInfo = CNIOLinux;
		};
		74D8D2AC20B44D77006EA471 /* PBXContainerItemProxy */ = {
			isa = PBXContainerItemProxy;
			containerPortal = 74CCEB2D20B441C3007ACFF8 /* Atem.xcodeproj */;
			proxyType = 2;
			remoteGlobalIDString = "swift-nio::CNIOSHA1::Product";
			remoteInfo = CNIOSHA1;
		};
		74D8D2AE20B44D77006EA471 /* PBXContainerItemProxy */ = {
			isa = PBXContainerItemProxy;
			containerPortal = 74CCEB2D20B441C3007ACFF8 /* Atem.xcodeproj */;
			proxyType = 2;
			remoteGlobalIDString = "swift-nio::NIO::Product";
			remoteInfo = NIO;
		};
		74D8D2B020B44D77006EA471 /* PBXContainerItemProxy */ = {
			isa = PBXContainerItemProxy;
			containerPortal = 74CCEB2D20B441C3007ACFF8 /* Atem.xcodeproj */;
			proxyType = 2;
			remoteGlobalIDString = "swift-nio::NIOConcurrencyHelpers::Product";
			remoteInfo = NIOConcurrencyHelpers;
		};
		74D8D2B220B44D77006EA471 /* PBXContainerItemProxy */ = {
			isa = PBXContainerItemProxy;
			containerPortal = 74CCEB2D20B441C3007ACFF8 /* Atem.xcodeproj */;
			proxyType = 2;
			remoteGlobalIDString = "swift-nio::NIOPriorityQueue::Product";
			remoteInfo = NIOPriorityQueue;
		};
		74D8D2D320B451A5006EA471 /* PBXContainerItemProxy */ = {
			isa = PBXContainerItemProxy;
			containerPortal = 74CCEB2D20B441C3007ACFF8 /* Atem.xcodeproj */;
			proxyType = 1;
			remoteGlobalIDString = "swift-nio::CNIOSHA1";
			remoteInfo = CNIOSHA1;
		};
		74D8D2D720B451A5006EA471 /* PBXContainerItemProxy */ = {
			isa = PBXContainerItemProxy;
			containerPortal = 74CCEB2D20B441C3007ACFF8 /* Atem.xcodeproj */;
			proxyType = 1;
			remoteGlobalIDString = "swift-nio::NIOConcurrencyHelpers";
			remoteInfo = NIOConcurrencyHelpers;
		};
		74D8D2DB20B451A5006EA471 /* PBXContainerItemProxy */ = {
			isa = PBXContainerItemProxy;
			containerPortal = 74CCEB2D20B441C3007ACFF8 /* Atem.xcodeproj */;
			proxyType = 1;
			remoteGlobalIDString = "swift-nio::NIOPriorityQueue";
			remoteInfo = NIOPriorityQueue;
		};
		74D8D2DF20B451A5006EA471 /* PBXContainerItemProxy */ = {
			isa = PBXContainerItemProxy;
			containerPortal = 74CCEB2D20B441C3007ACFF8 /* Atem.xcodeproj */;
			proxyType = 1;
			remoteGlobalIDString = "swift-nio::CNIODarwin";
			remoteInfo = CNIODarwin;
		};
		74D8D2E320B451A5006EA471 /* PBXContainerItemProxy */ = {
			isa = PBXContainerItemProxy;
			containerPortal = 74CCEB2D20B441C3007ACFF8 /* Atem.xcodeproj */;
			proxyType = 1;
			remoteGlobalIDString = "swift-nio::CNIOAtomics";
			remoteInfo = CNIOAtomics;
		};
		74D8D2E720B451A5006EA471 /* PBXContainerItemProxy */ = {
			isa = PBXContainerItemProxy;
			containerPortal = 74CCEB2D20B441C3007ACFF8 /* Atem.xcodeproj */;
			proxyType = 1;
			remoteGlobalIDString = "swift-nio::NIO";
			remoteInfo = NIO;
		};
		74D8D2EB20B451A5006EA471 /* PBXContainerItemProxy */ = {
			isa = PBXContainerItemProxy;
			containerPortal = 74CCEB2D20B441C3007ACFF8 /* Atem.xcodeproj */;
			proxyType = 1;
			remoteGlobalIDString = "Atem::Atem";
			remoteInfo = Atem;
		};
		74D8D2EF20B451A5006EA471 /* PBXContainerItemProxy */ = {
			isa = PBXContainerItemProxy;
			containerPortal = 74CCEB2D20B441C3007ACFF8 /* Atem.xcodeproj */;
			proxyType = 1;
			remoteGlobalIDString = "swift-nio::CNIOLinux";
			remoteInfo = CNIOLinux;
		};
/* End PBXContainerItemProxy section */

/* Begin PBXCopyFilesBuildPhase section */
		74CCEB6E20B441D1007ACFF8 /* Embed Frameworks */ = {
			isa = PBXCopyFilesBuildPhase;
			buildActionMask = 2147483647;
			dstPath = "";
			dstSubfolderSpec = 10;
			files = (
				74D8D2EE20B451A5006EA471 /* CNIOLinux.framework in Embed Frameworks */,
				74D8D2DA20B451A5006EA471 /* NIOPriorityQueue.framework in Embed Frameworks */,
				74D8D2D220B451A5006EA471 /* CNIOSHA1.framework in Embed Frameworks */,
				74D8D2EA20B451A5006EA471 /* Atem.framework in Embed Frameworks */,
				74D8D2DE20B451A5006EA471 /* CNIODarwin.framework in Embed Frameworks */,
				74D8D2D620B451A5006EA471 /* NIOConcurrencyHelpers.framework in Embed Frameworks */,
				74D8D2E220B451A5006EA471 /* CNIOAtomics.framework in Embed Frameworks */,
				74D8D2E620B451A5006EA471 /* NIO.framework in Embed Frameworks */,
			);
			name = "Embed Frameworks";
			runOnlyForDeploymentPostprocessing = 0;
		};
/* End PBXCopyFilesBuildPhase section */

/* Begin PBXFileReference section */
		742E20CD20BAF1020027115F /* SwitcherSimulator.swift */ = {isa = PBXFileReference; lastKnownFileType = sourcecode.swift; path = SwitcherSimulator.swift; sourceTree = "<group>"; };
		74CCEB1A20B441AE007ACFF8 /* AtemSimulator.app */ = {isa = PBXFileReference; explicitFileType = wrapper.application; includeInIndex = 0; path = AtemSimulator.app; sourceTree = BUILT_PRODUCTS_DIR; };
		74CCEB1D20B441AE007ACFF8 /* AppDelegate.swift */ = {isa = PBXFileReference; lastKnownFileType = sourcecode.swift; path = AppDelegate.swift; sourceTree = "<group>"; };
		74CCEB1F20B441AE007ACFF8 /* ViewController.swift */ = {isa = PBXFileReference; lastKnownFileType = sourcecode.swift; path = ViewController.swift; sourceTree = "<group>"; };
		74CCEB2120B441AF007ACFF8 /* Assets.xcassets */ = {isa = PBXFileReference; lastKnownFileType = folder.assetcatalog; path = Assets.xcassets; sourceTree = "<group>"; };
		74CCEB2420B441AF007ACFF8 /* Base */ = {isa = PBXFileReference; lastKnownFileType = file.storyboard; name = Base; path = Base.lproj/Main.storyboard; sourceTree = "<group>"; };
		74CCEB2620B441AF007ACFF8 /* Info.plist */ = {isa = PBXFileReference; lastKnownFileType = text.plist.xml; path = Info.plist; sourceTree = "<group>"; };
		74CCEB2720B441AF007ACFF8 /* AtemSimulator.entitlements */ = {isa = PBXFileReference; lastKnownFileType = text.plist.entitlements; path = AtemSimulator.entitlements; sourceTree = "<group>"; };
		74CCEB2D20B441C3007ACFF8 /* Atem.xcodeproj */ = {isa = PBXFileReference; lastKnownFileType = "wrapper.pb-project"; name = Atem.xcodeproj; path = Protocol/Atem.xcodeproj; sourceTree = "<group>"; };
/* End PBXFileReference section */

/* Begin PBXFrameworksBuildPhase section */
		74CCEB1720B441AE007ACFF8 /* Frameworks */ = {
			isa = PBXFrameworksBuildPhase;
			buildActionMask = 2147483647;
			files = (
				74D8D2ED20B451A5006EA471 /* CNIOLinux.framework in Frameworks */,
				74D8D2D920B451A5006EA471 /* NIOPriorityQueue.framework in Frameworks */,
				74D8D2D120B451A5006EA471 /* CNIOSHA1.framework in Frameworks */,
				74D8D2E920B451A5006EA471 /* Atem.framework in Frameworks */,
				74D8D2DD20B451A5006EA471 /* CNIODarwin.framework in Frameworks */,
				74D8D2D520B451A5006EA471 /* NIOConcurrencyHelpers.framework in Frameworks */,
				74D8D2E120B451A5006EA471 /* CNIOAtomics.framework in Frameworks */,
				74D8D2E520B451A5006EA471 /* NIO.framework in Frameworks */,
			);
			runOnlyForDeploymentPostprocessing = 0;
		};
/* End PBXFrameworksBuildPhase section */

/* Begin PBXGroup section */
		74CCEB1120B441AE007ACFF8 = {
			isa = PBXGroup;
			children = (
				74CCEB2D20B441C3007ACFF8 /* Atem.xcodeproj */,
				74CCEB1C20B441AE007ACFF8 /* AtemSimulator */,
				74CCEB1B20B441AE007ACFF8 /* Products */,
			);
			sourceTree = "<group>";
		};
		74CCEB1B20B441AE007ACFF8 /* Products */ = {
			isa = PBXGroup;
			children = (
				74CCEB1A20B441AE007ACFF8 /* AtemSimulator.app */,
			);
			name = Products;
			sourceTree = "<group>";
		};
		74CCEB1C20B441AE007ACFF8 /* AtemSimulator */ = {
			isa = PBXGroup;
			children = (
				74CCEB1D20B441AE007ACFF8 /* AppDelegate.swift */,
				74CCEB1F20B441AE007ACFF8 /* ViewController.swift */,
				742E20CD20BAF1020027115F /* SwitcherSimulator.swift */,
				74CCEB2120B441AF007ACFF8 /* Assets.xcassets */,
				74CCEB2320B441AF007ACFF8 /* Main.storyboard */,
				74CCEB2620B441AF007ACFF8 /* Info.plist */,
				74CCEB2720B441AF007ACFF8 /* AtemSimulator.entitlements */,
			);
			path = AtemSimulator;
			sourceTree = "<group>";
		};
		74D8D29420B44D77006EA471 /* Products */ = {
			isa = PBXGroup;
			children = (
				74D8D2A320B44D77006EA471 /* Atem.framework */,
				7435272221CA872C006E8FC6 /* Atem_Tests.xctest */,
				74D8D2A720B44D77006EA471 /* CNIOAtomics.framework */,
				74D8D2A920B44D77006EA471 /* CNIODarwin.framework */,
				74D8D2AB20B44D77006EA471 /* CNIOLinux.framework */,
				74D8D2AD20B44D77006EA471 /* CNIOSHA1.framework */,
				74D8D2AF20B44D77006EA471 /* NIO.framework */,
				74D8D2B120B44D77006EA471 /* NIOConcurrencyHelpers.framework */,
				74D8D2B320B44D77006EA471 /* NIOPriorityQueue.framework */,
			);
			name = Products;
			sourceTree = "<group>";
		};
/* End PBXGroup section */

/* Begin PBXNativeTarget section */
		74CCEB1920B441AE007ACFF8 /* AtemSimulator */ = {
			isa = PBXNativeTarget;
			buildConfigurationList = 74CCEB2A20B441AF007ACFF8 /* Build configuration list for PBXNativeTarget "AtemSimulator" */;
			buildPhases = (
				74D8D26B20B44AFC006EA471 /* ShellScript */,
				74CCEB1620B441AE007ACFF8 /* Sources */,
				74CCEB1720B441AE007ACFF8 /* Frameworks */,
				74CCEB1820B441AE007ACFF8 /* Resources */,
				74CCEB6E20B441D1007ACFF8 /* Embed Frameworks */,
			);
			buildRules = (
			);
			dependencies = (
				74D8D2D420B451A5006EA471 /* PBXTargetDependency */,
				74D8D2D820B451A5006EA471 /* PBXTargetDependency */,
				74D8D2DC20B451A5006EA471 /* PBXTargetDependency */,
				74D8D2E020B451A5006EA471 /* PBXTargetDependency */,
				74D8D2E420B451A5006EA471 /* PBXTargetDependency */,
				74D8D2E820B451A5006EA471 /* PBXTargetDependency */,
				74D8D2EC20B451A5006EA471 /* PBXTargetDependency */,
				74D8D2F020B451A5006EA471 /* PBXTargetDependency */,
			);
			name = AtemSimulator;
			productName = AtemSimulator;
			productReference = 74CCEB1A20B441AE007ACFF8 /* AtemSimulator.app */;
			productType = "com.apple.product-type.application";
		};
/* End PBXNativeTarget section */

/* Begin PBXProject section */
		74CCEB1220B441AE007ACFF8 /* Project object */ = {
			isa = PBXProject;
			attributes = {
				LastSwiftUpdateCheck = 0940;
				LastUpgradeCheck = 0940;
				ORGANIZATIONNAME = Devian;
				TargetAttributes = {
					74CCEB1920B441AE007ACFF8 = {
						CreatedOnToolsVersion = 9.4;
						SystemCapabilities = {
							com.apple.HardenedRuntime = {
								enabled = 1;
							};
							com.apple.Sandbox = {
								enabled = 1;
							};
						};
					};
				};
			};
			buildConfigurationList = 74CCEB1520B441AE007ACFF8 /* Build configuration list for PBXProject "AtemSimulator" */;
			compatibilityVersion = "Xcode 9.3";
			developmentRegion = en;
			hasScannedForEncodings = 0;
			knownRegions = (
				en,
				Base,
			);
			mainGroup = 74CCEB1120B441AE007ACFF8;
			productRefGroup = 74CCEB1B20B441AE007ACFF8 /* Products */;
			projectDirPath = "";
			projectReferences = (
				{
					ProductGroup = 74D8D29420B44D77006EA471 /* Products */;
					ProjectRef = 74CCEB2D20B441C3007ACFF8 /* Atem.xcodeproj */;
				},
			);
			projectRoot = "";
			targets = (
				74CCEB1920B441AE007ACFF8 /* AtemSimulator */,
			);
		};
/* End PBXProject section */

/* Begin PBXReferenceProxy section */
		7435272221CA872C006E8FC6 /* Atem_Tests.xctest */ = {
			isa = PBXReferenceProxy;
			fileType = file;
			name = Atem_Tests.xctest;
			path = "Atem Tests.xctest";
			remoteRef = 7435272121CA872C006E8FC6 /* PBXContainerItemProxy */;
			sourceTree = BUILT_PRODUCTS_DIR;
		};
		74D8D2A320B44D77006EA471 /* Atem.framework */ = {
			isa = PBXReferenceProxy;
			fileType = wrapper.framework;
			path = Atem.framework;
			remoteRef = 74D8D2A220B44D77006EA471 /* PBXContainerItemProxy */;
			sourceTree = BUILT_PRODUCTS_DIR;
		};
		74D8D2A720B44D77006EA471 /* CNIOAtomics.framework */ = {
			isa = PBXReferenceProxy;
			fileType = wrapper.framework;
			path = CNIOAtomics.framework;
			remoteRef = 74D8D2A620B44D77006EA471 /* PBXContainerItemProxy */;
			sourceTree = BUILT_PRODUCTS_DIR;
		};
		74D8D2A920B44D77006EA471 /* CNIODarwin.framework */ = {
			isa = PBXReferenceProxy;
			fileType = wrapper.framework;
			path = CNIODarwin.framework;
			remoteRef = 74D8D2A820B44D77006EA471 /* PBXContainerItemProxy */;
			sourceTree = BUILT_PRODUCTS_DIR;
		};
		74D8D2AB20B44D77006EA471 /* CNIOLinux.framework */ = {
			isa = PBXReferenceProxy;
			fileType = wrapper.framework;
			path = CNIOLinux.framework;
			remoteRef = 74D8D2AA20B44D77006EA471 /* PBXContainerItemProxy */;
			sourceTree = BUILT_PRODUCTS_DIR;
		};
		74D8D2AD20B44D77006EA471 /* CNIOSHA1.framework */ = {
			isa = PBXReferenceProxy;
			fileType = wrapper.framework;
			path = CNIOSHA1.framework;
			remoteRef = 74D8D2AC20B44D77006EA471 /* PBXContainerItemProxy */;
			sourceTree = BUILT_PRODUCTS_DIR;
		};
		74D8D2AF20B44D77006EA471 /* NIO.framework */ = {
			isa = PBXReferenceProxy;
			fileType = wrapper.framework;
			path = NIO.framework;
			remoteRef = 74D8D2AE20B44D77006EA471 /* PBXContainerItemProxy */;
			sourceTree = BUILT_PRODUCTS_DIR;
		};
		74D8D2B120B44D77006EA471 /* NIOConcurrencyHelpers.framework */ = {
			isa = PBXReferenceProxy;
			fileType = wrapper.framework;
			path = NIOConcurrencyHelpers.framework;
			remoteRef = 74D8D2B020B44D77006EA471 /* PBXContainerItemProxy */;
			sourceTree = BUILT_PRODUCTS_DIR;
		};
		74D8D2B320B44D77006EA471 /* NIOPriorityQueue.framework */ = {
			isa = PBXReferenceProxy;
			fileType = wrapper.framework;
			path = NIOPriorityQueue.framework;
			remoteRef = 74D8D2B220B44D77006EA471 /* PBXContainerItemProxy */;
			sourceTree = BUILT_PRODUCTS_DIR;
		};
/* End PBXReferenceProxy section */

/* Begin PBXResourcesBuildPhase section */
		74CCEB1820B441AE007ACFF8 /* Resources */ = {
			isa = PBXResourcesBuildPhase;
			buildActionMask = 2147483647;
			files = (
				74CCEB2220B441AF007ACFF8 /* Assets.xcassets in Resources */,
				74CCEB2520B441AF007ACFF8 /* Main.storyboard in Resources */,
			);
			runOnlyForDeploymentPostprocessing = 0;
		};
/* End PBXResourcesBuildPhase section */

/* Begin PBXShellScriptBuildPhase section */
		74D8D26B20B44AFC006EA471 /* ShellScript */ = {
			isa = PBXShellScriptBuildPhase;
			buildActionMask = 2147483647;
			files = (
			);
			inputPaths = (
			);
			outputPaths = (
			);
			runOnlyForDeploymentPostprocessing = 0;
			shellPath = /bin/sh;
			shellScript = "#if [ -d .git ]; then\n#    git submodule update --init --recursive\n#else\n#    git clone git@github.com:Dev1an/Swift-Atem.git Protocol\n#fi;\n#cd Protocol\n#swift package update";
		};
/* End PBXShellScriptBuildPhase section */

/* Begin PBXSourcesBuildPhase section */
		74CCEB1620B441AE007ACFF8 /* Sources */ = {
			isa = PBXSourcesBuildPhase;
			buildActionMask = 2147483647;
			files = (
				742E20CE20BAF1030027115F /* SwitcherSimulator.swift in Sources */,
				74CCEB2020B441AE007ACFF8 /* ViewController.swift in Sources */,
				74CCEB1E20B441AE007ACFF8 /* AppDelegate.swift in Sources */,
			);
			runOnlyForDeploymentPostprocessing = 0;
		};
/* End PBXSourcesBuildPhase section */

/* Begin PBXTargetDependency section */
		74D8D2D420B451A5006EA471 /* PBXTargetDependency */ = {
			isa = PBXTargetDependency;
			name = CNIOSHA1;
			targetProxy = 74D8D2D320B451A5006EA471 /* PBXContainerItemProxy */;
		};
		74D8D2D820B451A5006EA471 /* PBXTargetDependency */ = {
			isa = PBXTargetDependency;
			name = NIOConcurrencyHelpers;
			targetProxy = 74D8D2D720B451A5006EA471 /* PBXContainerItemProxy */;
		};
		74D8D2DC20B451A5006EA471 /* PBXTargetDependency */ = {
			isa = PBXTargetDependency;
			name = NIOPriorityQueue;
			targetProxy = 74D8D2DB20B451A5006EA471 /* PBXContainerItemProxy */;
		};
		74D8D2E020B451A5006EA471 /* PBXTargetDependency */ = {
			isa = PBXTargetDependency;
			name = CNIODarwin;
			targetProxy = 74D8D2DF20B451A5006EA471 /* PBXContainerItemProxy */;
		};
		74D8D2E420B451A5006EA471 /* PBXTargetDependency */ = {
			isa = PBXTargetDependency;
			name = CNIOAtomics;
			targetProxy = 74D8D2E320B451A5006EA471 /* PBXContainerItemProxy */;
		};
		74D8D2E820B451A5006EA471 /* PBXTargetDependency */ = {
			isa = PBXTargetDependency;
			name = NIO;
			targetProxy = 74D8D2E720B451A5006EA471 /* PBXContainerItemProxy */;
		};
		74D8D2EC20B451A5006EA471 /* PBXTargetDependency */ = {
			isa = PBXTargetDependency;
			name = Atem;
			targetProxy = 74D8D2EB20B451A5006EA471 /* PBXContainerItemProxy */;
		};
		74D8D2F020B451A5006EA471 /* PBXTargetDependency */ = {
			isa = PBXTargetDependency;
			name = CNIOLinux;
			targetProxy = 74D8D2EF20B451A5006EA471 /* PBXContainerItemProxy */;
		};
/* End PBXTargetDependency section */

/* Begin PBXVariantGroup section */
		74CCEB2320B441AF007ACFF8 /* Main.storyboard */ = {
			isa = PBXVariantGroup;
			children = (
				74CCEB2420B441AF007ACFF8 /* Base */,
			);
			name = Main.storyboard;
			sourceTree = "<group>";
		};
/* End PBXVariantGroup section */

/* Begin XCBuildConfiguration section */
		74CCEB2820B441AF007ACFF8 /* Debug */ = {
			isa = XCBuildConfiguration;
			buildSettings = {
				ALWAYS_SEARCH_USER_PATHS = NO;
				CLANG_ANALYZER_NONNULL = YES;
				CLANG_ANALYZER_NUMBER_OBJECT_CONVERSION = YES_AGGRESSIVE;
				CLANG_CXX_LANGUAGE_STANDARD = "gnu++14";
				CLANG_CXX_LIBRARY = "libc++";
				CLANG_ENABLE_MODULES = YES;
				CLANG_ENABLE_OBJC_ARC = YES;
				CLANG_ENABLE_OBJC_WEAK = YES;
				CLANG_WARN_BLOCK_CAPTURE_AUTORELEASING = YES;
				CLANG_WARN_BOOL_CONVERSION = YES;
				CLANG_WARN_COMMA = YES;
				CLANG_WARN_CONSTANT_CONVERSION = YES;
				CLANG_WARN_DEPRECATED_OBJC_IMPLEMENTATIONS = YES;
				CLANG_WARN_DIRECT_OBJC_ISA_USAGE = YES_ERROR;
				CLANG_WARN_DOCUMENTATION_COMMENTS = YES;
				CLANG_WARN_EMPTY_BODY = YES;
				CLANG_WARN_ENUM_CONVERSION = YES;
				CLANG_WARN_INFINITE_RECURSION = YES;
				CLANG_WARN_INT_CONVERSION = YES;
				CLANG_WARN_NON_LITERAL_NULL_CONVERSION = YES;
				CLANG_WARN_OBJC_IMPLICIT_RETAIN_SELF = YES;
				CLANG_WARN_OBJC_LITERAL_CONVERSION = YES;
				CLANG_WARN_OBJC_ROOT_CLASS = YES_ERROR;
				CLANG_WARN_RANGE_LOOP_ANALYSIS = YES;
				CLANG_WARN_STRICT_PROTOTYPES = YES;
				CLANG_WARN_SUSPICIOUS_MOVE = YES;
				CLANG_WARN_UNGUARDED_AVAILABILITY = YES_AGGRESSIVE;
				CLANG_WARN_UNREACHABLE_CODE = YES;
				CLANG_WARN__DUPLICATE_METHOD_MATCH = YES;
				COPY_PHASE_STRIP = NO;
				DEBUG_INFORMATION_FORMAT = dwarf;
				ENABLE_STRICT_OBJC_MSGSEND = YES;
				ENABLE_TESTABILITY = YES;
				GCC_C_LANGUAGE_STANDARD = gnu11;
				GCC_DYNAMIC_NO_PIC = NO;
				GCC_NO_COMMON_BLOCKS = YES;
				GCC_OPTIMIZATION_LEVEL = 0;
				GCC_PREPROCESSOR_DEFINITIONS = (
					"DEBUG=1",
					"$(inherited)",
				);
				GCC_WARN_64_TO_32_BIT_CONVERSION = YES;
				GCC_WARN_ABOUT_RETURN_TYPE = YES_ERROR;
				GCC_WARN_UNDECLARED_SELECTOR = YES;
				GCC_WARN_UNINITIALIZED_AUTOS = YES_AGGRESSIVE;
				GCC_WARN_UNUSED_FUNCTION = YES;
				GCC_WARN_UNUSED_VARIABLE = YES;
				MACOSX_DEPLOYMENT_TARGET = 10.10;
				MTL_ENABLE_DEBUG_INFO = YES;
				ONLY_ACTIVE_ARCH = YES;
				SDKROOT = macosx;
				SWIFT_ACTIVE_COMPILATION_CONDITIONS = DEBUG;
				SWIFT_OPTIMIZATION_LEVEL = "-Onone";
			};
			name = Debug;
		};
		74CCEB2920B441AF007ACFF8 /* Release */ = {
			isa = XCBuildConfiguration;
			buildSettings = {
				ALWAYS_SEARCH_USER_PATHS = NO;
				CLANG_ANALYZER_NONNULL = YES;
				CLANG_ANALYZER_NUMBER_OBJECT_CONVERSION = YES_AGGRESSIVE;
				CLANG_CXX_LANGUAGE_STANDARD = "gnu++14";
				CLANG_CXX_LIBRARY = "libc++";
				CLANG_ENABLE_MODULES = YES;
				CLANG_ENABLE_OBJC_ARC = YES;
				CLANG_ENABLE_OBJC_WEAK = YES;
				CLANG_WARN_BLOCK_CAPTURE_AUTORELEASING = YES;
				CLANG_WARN_BOOL_CONVERSION = YES;
				CLANG_WARN_COMMA = YES;
				CLANG_WARN_CONSTANT_CONVERSION = YES;
				CLANG_WARN_DEPRECATED_OBJC_IMPLEMENTATIONS = YES;
				CLANG_WARN_DIRECT_OBJC_ISA_USAGE = YES_ERROR;
				CLANG_WARN_DOCUMENTATION_COMMENTS = YES;
				CLANG_WARN_EMPTY_BODY = YES;
				CLANG_WARN_ENUM_CONVERSION = YES;
				CLANG_WARN_INFINITE_RECURSION = YES;
				CLANG_WARN_INT_CONVERSION = YES;
				CLANG_WARN_NON_LITERAL_NULL_CONVERSION = YES;
				CLANG_WARN_OBJC_IMPLICIT_RETAIN_SELF = YES;
				CLANG_WARN_OBJC_LITERAL_CONVERSION = YES;
				CLANG_WARN_OBJC_ROOT_CLASS = YES_ERROR;
				CLANG_WARN_RANGE_LOOP_ANALYSIS = YES;
				CLANG_WARN_STRICT_PROTOTYPES = YES;
				CLANG_WARN_SUSPICIOUS_MOVE = YES;
				CLANG_WARN_UNGUARDED_AVAILABILITY = YES_AGGRESSIVE;
				CLANG_WARN_UNREACHABLE_CODE = YES;
				CLANG_WARN__DUPLICATE_METHOD_MATCH = YES;
				COPY_PHASE_STRIP = NO;
				DEBUG_INFORMATION_FORMAT = "dwarf-with-dsym";
				ENABLE_NS_ASSERTIONS = NO;
				ENABLE_STRICT_OBJC_MSGSEND = YES;
				GCC_C_LANGUAGE_STANDARD = gnu11;
				GCC_NO_COMMON_BLOCKS = YES;
				GCC_WARN_64_TO_32_BIT_CONVERSION = YES;
				GCC_WARN_ABOUT_RETURN_TYPE = YES_ERROR;
				GCC_WARN_UNDECLARED_SELECTOR = YES;
				GCC_WARN_UNINITIALIZED_AUTOS = YES_AGGRESSIVE;
				GCC_WARN_UNUSED_FUNCTION = YES;
				GCC_WARN_UNUSED_VARIABLE = YES;
				MACOSX_DEPLOYMENT_TARGET = 10.10;
				MTL_ENABLE_DEBUG_INFO = NO;
				SDKROOT = macosx;
				SWIFT_COMPILATION_MODE = wholemodule;
				SWIFT_OPTIMIZATION_LEVEL = "-O";
			};
			name = Release;
		};
		74CCEB2B20B441AF007ACFF8 /* Debug */ = {
			isa = XCBuildConfiguration;
			buildSettings = {
				ALWAYS_EMBED_SWIFT_STANDARD_LIBRARIES = YES;
				ASSETCATALOG_COMPILER_APPICON_NAME = AppIcon;
				CODE_SIGN_ENTITLEMENTS = AtemSimulator/AtemSimulator.entitlements;
				COMBINE_HIDPI_IMAGES = YES;
				ENABLE_HARDENED_RUNTIME = YES;
				INFOPLIST_FILE = AtemSimulator/Info.plist;
				LD_RUNPATH_SEARCH_PATHS = (
					"$(inherited)",
					"@executable_path/../Frameworks",
				);
				OTHER_SWIFT_FLAGS = "-Xcc -fmodule-map-file=$(SRCROOT)/Protocol/Atem.xcodeproj/GeneratedModuleMap/CNIOAtomics/module.modulemap -Xcc -fmodule-map-file=$(SRCROOT)/Protocol/Atem.xcodeproj/GeneratedModuleMap/CNIOLinux/module.modulemap -Xcc -fmodule-map-file=$(SRCROOT)/Protocol/Atem.xcodeproj/GeneratedModuleMap/CNIODarwin/module.modulemap";
				PRODUCT_BUNDLE_IDENTIFIER = com.devian.AtemSimulator;
				PRODUCT_NAME = "$(TARGET_NAME)";
				SWIFT_COMPILATION_MODE = singlefile;
				SWIFT_INCLUDE_PATHS = "-Xcc -fmodule-map-file=$(SRCROOT)/Protocol/Atem.xcodeproj/GeneratedModuleMap/CNIOAtomics/module.modulemap -Xcc -fmodule-map-file=$(SRCROOT)/Protocol/Atem.xcodeproj/GeneratedModuleMap/CNIOLinux/module.modulemap -Xcc -fmodule-map-file=$(SRCROOT)/Protocol/Atem.xcodeproj/GeneratedModuleMap/CNIODarwin/module.modulemap";
				SWIFT_OPTIMIZATION_LEVEL = "-Onone";
				SWIFT_VERSION = 4.0;
			};
			name = Debug;
		};
		74CCEB2C20B441AF007ACFF8 /* Release */ = {
			isa = XCBuildConfiguration;
			buildSettings = {
				ALWAYS_EMBED_SWIFT_STANDARD_LIBRARIES = YES;
				ASSETCATALOG_COMPILER_APPICON_NAME = AppIcon;
				CODE_SIGN_ENTITLEMENTS = AtemSimulator/AtemSimulator.entitlements;
				COMBINE_HIDPI_IMAGES = YES;
				ENABLE_HARDENED_RUNTIME = YES;
				INFOPLIST_FILE = AtemSimulator/Info.plist;
				LD_RUNPATH_SEARCH_PATHS = (
					"$(inherited)",
					"@executable_path/../Frameworks",
				);
				OTHER_SWIFT_FLAGS = "-Xcc -fmodule-map-file=$(SRCROOT)/Protocol/Atem.xcodeproj/GeneratedModuleMap/CNIOAtomics/module.modulemap -Xcc -fmodule-map-file=$(SRCROOT)/Protocol/Atem.xcodeproj/GeneratedModuleMap/CNIOLinux/module.modulemap -Xcc -fmodule-map-file=$(SRCROOT)/Protocol/Atem.xcodeproj/GeneratedModuleMap/CNIODarwin/module.modulemap";
				PRODUCT_BUNDLE_IDENTIFIER = com.devian.AtemSimulator;
				PRODUCT_NAME = "$(TARGET_NAME)";
				SWIFT_COMPILATION_MODE = wholemodule;
				SWIFT_INCLUDE_PATHS = "-Xcc -fmodule-map-file=$(SRCROOT)/Protocol/Atem.xcodeproj/GeneratedModuleMap/CNIOAtomics/module.modulemap -Xcc -fmodule-map-file=$(SRCROOT)/Protocol/Atem.xcodeproj/GeneratedModuleMap/CNIOLinux/module.modulemap -Xcc -fmodule-map-file=$(SRCROOT)/Protocol/Atem.xcodeproj/GeneratedModuleMap/CNIODarwin/module.modulemap";
				SWIFT_VERSION = 4.0;
			};
			name = Release;
		};
/* End XCBuildConfiguration section */

/* Begin XCConfigurationList section */
		74CCEB1520B441AE007ACFF8 /* Build configuration list for PBXProject "AtemSimulator" */ = {
			isa = XCConfigurationList;
			buildConfigurations = (
				74CCEB2820B441AF007ACFF8 /* Debug */,
				74CCEB2920B441AF007ACFF8 /* Release */,
			);
			defaultConfigurationIsVisible = 0;
			defaultConfigurationName = Release;
		};
		74CCEB2A20B441AF007ACFF8 /* Build configuration list for PBXNativeTarget "AtemSimulator" */ = {
			isa = XCConfigurationList;
			buildConfigurations = (
				74CCEB2B20B441AF007ACFF8 /* Debug */,
				74CCEB2C20B441AF007ACFF8 /* Release */,
			);
			defaultConfigurationIsVisible = 0;
			defaultConfigurationName = Release;
		};
/* End XCConfigurationList section */
	};
	rootObject = 74CCEB1220B441AE007ACFF8 /* Project object */;
}
